# This file is automatically @generated by Poetry 1.8.2 and should not be changed by hand.

[[package]]
name = "fitdecode"
version = "0.10.0"
description = "FIT file parser and decoder"
optional = false
python-versions = ">=3.6"
files = [
    {file = "fitdecode-0.10.0-py3-none-any.whl", hash = "sha256:527dc2e4b0fe45dbe868a2131af0a544cb686f631f608d94e392bcce57b047cf"},
    {file = "fitdecode-0.10.0.tar.gz", hash = "sha256:1b85d1303c87650c11377a7322757eaa1caf229776bbd5b545591dd6815123e4"},
]

[package.extras]
docs = ["sphinx", "sphinx-rtd-theme"]

[[package]]
name = "lark"
version = "1.1.9"
description = "a modern parsing library"
optional = false
python-versions = ">=3.6"
files = [
    {file = "lark-1.1.9-py3-none-any.whl", hash = "sha256:a0dd3a87289f8ccbb325901e4222e723e7d745dbfc1803eaf5f3d2ace19cf2db"},
    {file = "lark-1.1.9.tar.gz", hash = "sha256:15fa5236490824c2c4aba0e22d2d6d823575dcaf4cdd1848e34b6ad836240fba"},
]

[package.extras]
atomic-cache = ["atomicwrites"]
interegular = ["interegular (>=0.3.1,<0.4.0)"]
nearley = ["js2py"]
regex = ["regex"]

[metadata]
lock-version = "2.0"
python-versions = "^3.10"
content-hash = "f3524b721611887c89fc27ba26139834b997b44ee76a33c73dff5112b91795a7"
